
Microsoft Visual Studio Solution File, Format Version 12.00
# Visual Studio Version 17
VisualStudioVersion = 17.10.34928.147
MinimumVisualStudioVersion = 10.0.40219.1
Project("{FAE04EC0-301F-11D3-BF4B-00C04F79EFBC}") = "LMSC#", "LMSC#\LMSC#.csproj", "{49287354-5E11-44CC-AA5C-8BA9F995B5C7}"
EndProject
Global
	GlobalSection(SolutionConfigurationPlatforms) = preSolution
		Debug|Any CPU = Debug|Any CPU
		Release|Any CPU = Release|Any CPU
	EndGlobalSection
	GlobalSection(ProjectConfigurationPlatforms) = postSolution
		{49287354-5E11-44CC-AA5C-8BA9F995B5C7}.Debug|Any CPU.ActiveCfg = Debug|Any CPU
		{49287354-5E11-44CC-AA5C-8BA9F995B5C7}.Debug|Any CPU.Build.0 = Debug|Any CPU
		{49287354-5E11-44CC-AA5C-8BA9F995B5C7}.Release|Any CPU.ActiveCfg = Release|Any CPU
		{49287354-5E11-44CC-AA5C-8BA9F995B5C7}.Release|Any CPU.Build.0 = Release|Any CPU
	EndGlobalSection
	GlobalSection(SolutionProperties) = preSolution
		HideSolutionNode = FALSE
	EndGlobalSection
	GlobalSection(ExtensibilityGlobals) = postSolution
		SolutionGuid = {AD3E384B-A245-426F-80B0-26DB3042DEA1}
	EndGlobalSection
EndGlobal
